// !$*UTF8*$!
{
	archiveVersion = 1;
	classes = {
	};
	objectVersion = 50;
	objects = {

/* Begin PBXBuildFile section */
		A44CA956223B1B1E0076C387 /* AppDelegate.swift in Sources */ = {isa = PBXBuildFile; fileRef = A44CA955223B1B1E0076C387 /* AppDelegate.swift */; };
		A44CA95D223B1B1F0076C387 /* Assets.xcassets in Resources */ = {isa = PBXBuildFile; fileRef = A44CA95C223B1B1F0076C387 /* Assets.xcassets */; };
		A44CA960223B1B1F0076C387 /* LaunchScreen.storyboard in Resources */ = {isa = PBXBuildFile; fileRef = A44CA95E223B1B1F0076C387 /* LaunchScreen.storyboard */; };
		A44CA968223B1BA50076C387 /* emojiModel.swift in Sources */ = {isa = PBXBuildFile; fileRef = A44CA967223B1BA50076C387 /* emojiModel.swift */; };
		A44CA96A223B1CBD0076C387 /* Main.storyboard in Resources */ = {isa = PBXBuildFile; fileRef = A44CA969223B1CBD0076C387 /* Main.storyboard */; };
		A44CA96E223B2B1B0076C387 /* EmojiTableTableViewController.swift in Sources */ = {isa = PBXBuildFile; fileRef = A44CA96D223B2B1B0076C387 /* EmojiTableTableViewController.swift */; };
		A44CA98E223D54FB0076C387 /* EmojiTableViewCell.swift in Sources */ = {isa = PBXBuildFile; fileRef = A44CA98D223D54FB0076C387 /* EmojiTableViewCell.swift */; };
		A44CA992223D6C9C0076C387 /* AddEditEmojiTableViewController.swift in Sources */ = {isa = PBXBuildFile; fileRef = A44CA991223D6C9C0076C387 /* AddEditEmojiTableViewController.swift */; };
/* End PBXBuildFile section */

/* Begin PBXFileReference section */
		A44CA952223B1B1E0076C387 /* emojiDictionary.app */ = {isa = PBXFileReference; explicitFileType = wrapper.application; includeInIndex = 0; path = emojiDictionary.app; sourceTree = BUILT_PRODUCTS_DIR; };
		A44CA955223B1B1E0076C387 /* AppDelegate.swift */ = {isa = PBXFileReference; lastKnownFileType = sourcecode.swift; path = AppDelegate.swift; sourceTree = "<group>"; };
		A44CA95C223B1B1F0076C387 /* Assets.xcassets */ = {isa = PBXFileReference; lastKnownFileType = folder.assetcatalog; path = Assets.xcassets; sourceTree = "<group>"; };
		A44CA95F223B1B1F0076C387 /* Base */ = {isa = PBXFileReference; lastKnownFileType = file.storyboard; name = Base; path = Base.lproj/LaunchScreen.storyboard; sourceTree = "<group>"; };
		A44CA961223B1B1F0076C387 /* Info.plist */ = {isa = PBXFileReference; lastKnownFileType = text.plist.xml; path = Info.plist; sourceTree = "<group>"; };
		A44CA967223B1BA50076C387 /* emojiModel.swift */ = {isa = PBXFileReference; lastKnownFileType = sourcecode.swift; path = emojiModel.swift; sourceTree = "<group>"; };
		A44CA969223B1CBD0076C387 /* Main.storyboard */ = {isa = PBXFileReference; fileEncoding = 4; lastKnownFileType = file.storyboard; path = Main.storyboard; sourceTree = "<group>"; };
		A44CA96D223B2B1B0076C387 /* EmojiTableTableViewController.swift */ = {isa = PBXFileReference; lastKnownFileType = sourcecode.swift; path = EmojiTableTableViewController.swift; sourceTree = "<group>"; };
		A44CA98D223D54FB0076C387 /* EmojiTableViewCell.swift */ = {isa = PBXFileReference; lastKnownFileType = sourcecode.swift; path = EmojiTableViewCell.swift; sourceTree = "<group>"; };
		A44CA991223D6C9C0076C387 /* AddEditEmojiTableViewController.swift */ = {isa = PBXFileReference; lastKnownFileType = sourcecode.swift; path = AddEditEmojiTableViewController.swift; sourceTree = "<group>"; };
/* End PBXFileReference section */

/* Begin PBXFrameworksBuildPhase section */
		A44CA94F223B1B1E0076C387 /* Frameworks */ = {
			isa = PBXFrameworksBuildPhase;
			buildActionMask = 2147483647;
			files = (
			);
			runOnlyForDeploymentPostprocessing = 0;
		};
/* End PBXFrameworksBuildPhase section */

/* Begin PBXGroup section */
		A44CA949223B1B1E0076C387 = {
			isa = PBXGroup;
			children = (
				A44CA954223B1B1E0076C387 /* emojiDictionary */,
				A44CA953223B1B1E0076C387 /* Products */,
			);
			sourceTree = "<group>";
		};
		A44CA953223B1B1E0076C387 /* Products */ = {
			isa = PBXGroup;
			children = (
				A44CA952223B1B1E0076C387 /* emojiDictionary.app */,
			);
			name = Products;
			sourceTree = "<group>";
		};
		A44CA954223B1B1E0076C387 /* emojiDictionary */ = {
			isa = PBXGroup;
			children = (
				A44CA991223D6C9C0076C387 /* AddEditEmojiTableViewController.swift */,
				A44CA96D223B2B1B0076C387 /* EmojiTableTableViewController.swift */,
				A44CA967223B1BA50076C387 /* emojiModel.swift */,
				A44CA955223B1B1E0076C387 /* AppDelegate.swift */,
				A44CA969223B1CBD0076C387 /* Main.storyboard */,
				A44CA98D223D54FB0076C387 /* EmojiTableViewCell.swift */,
				A44CA95C223B1B1F0076C387 /* Assets.xcassets */,
				A44CA95E223B1B1F0076C387 /* LaunchScreen.storyboard */,
				A44CA961223B1B1F0076C387 /* Info.plist */,
			);
			path = emojiDictionary;
			sourceTree = "<group>";
		};
/* End PBXGroup section */

/* Begin PBXNativeTarget section */
		A44CA951223B1B1E0076C387 /* emojiDictionary */ = {
			isa = PBXNativeTarget;
			buildConfigurationList = A44CA964223B1B1F0076C387 /* Build configuration list for PBXNativeTarget "emojiDictionary" */;
			buildPhases = (
				A44CA94E223B1B1E0076C387 /* Sources */,
				A44CA94F223B1B1E0076C387 /* Frameworks */,
				A44CA950223B1B1E0076C387 /* Resources */,
			);
			buildRules = (
			);
			dependencies = (
			);
			name = emojiDictionary;
			productName = emojiDictionary;
			productReference = A44CA952223B1B1E0076C387 /* emojiDictionary.app */;
			productType = "com.apple.product-type.application";
		};
/* End PBXNativeTarget section */

/* Begin PBXProject section */
		A44CA94A223B1B1E0076C387 /* Project object */ = {
			isa = PBXProject;
			attributes = {
				LastSwiftUpdateCheck = 1010;
				LastUpgradeCheck = 1010;
				ORGANIZATIONNAME = "Barbara Feinstein";
				TargetAttributes = {
					A44CA951223B1B1E0076C387 = {
						CreatedOnToolsVersion = 10.1;
					};
				};
			};
			buildConfigurationList = A44CA94D223B1B1E0076C387 /* Build configuration list for PBXProject "emojiDictionary" */;
			compatibilityVersion = "Xcode 9.3";
			developmentRegion = en;
			hasScannedForEncodings = 0;
			knownRegions = (
				en,
				Base,
			);
			mainGroup = A44CA949223B1B1E0076C387;
			productRefGroup = A44CA953223B1B1E0076C387 /* Products */;
			projectDirPath = "";
			projectRoot = "";
			targets = (
				A44CA951223B1B1E0076C387 /* emojiDictionary */,
			);
		};
/* End PBXProject section */

/* Begin PBXResourcesBuildPhase section */
		A44CA950223B1B1E0076C387 /* Resources */ = {
			isa = PBXResourcesBuildPhase;
			buildActionMask = 2147483647;
			files = (
				A44CA96A223B1CBD0076C387 /* Main.storyboard in Resources */,
				A44CA960223B1B1F0076C387 /* LaunchScreen.storyboard in Resources */,
				A44CA95D223B1B1F0076C387 /* Assets.xcassets in Resources */,
			);
			runOnlyForDeploymentPostprocessing = 0;
		};
/* End PBXResourcesBuildPhase section */

/* Begin PBXSourcesBuildPhase section */
		A44CA94E223B1B1E0076C387 /* Sources */ = {
			isa = PBXSourcesBuildPhase;
			buildActionMask = 2147483647;
			files = (
				A44CA992223D6C9C0076C387 /* AddEditEmojiTableViewController.swift in Sources */,
				A44CA96E223B2B1B0076C387 /* EmojiTableTableViewController.swift in Sources */,
				A44CA968223B1BA50076C387 /* emojiModel.swift in Sources */,
				A44CA98E223D54FB0076C387 /* EmojiTableViewCell.swift in Sources */,
				A44CA956223B1B1E0076C387 /* AppDelegate.swift in Sources */,
			);
			runOnlyForDeploymentPostprocessing = 0;
		};
/* End PBXSourcesBuildPhase section */

/* Begin PBXVariantGroup section */
		A44CA95E223B1B1F0076C387 /* LaunchScreen.storyboard */ = {
			isa = PBXVariantGroup;
			children = (
				A44CA95F223B1B1F0076C387 /* Base */,
			);
			name = LaunchScreen.storyboard;
			sourceTree = "<group>";
		};
/* End PBXVariantGroup section */

/* Begin XCBuildConfiguration section */
		A44CA962223B1B1F0076C387 /* Debug */ = {
			isa = XCBuildConfiguration;
			buildSettings = {
				ALWAYS_SEARCH_USER_PATHS = NO;
				CLANG_ANALYZER_NONNULL = YES;
				CLANG_ANALYZER_NUMBER_OBJECT_CONVERSION = YES_AGGRESSIVE;
				CLANG_CXX_LANGUAGE_STANDARD = "gnu++14";
				CLANG_CXX_LIBRARY = "libc++";
				CLANG_ENABLE_MODULES = YES;
				CLANG_ENABLE_OBJC_ARC = YES;
				CLANG_ENABLE_OBJC_WEAK = YES;
				CLANG_WARN_BLOCK_CAPTURE_AUTORELEASING = YES;
				CLANG_WARN_BOOL_CONVERSION = YES;
				CLANG_WARN_COMMA = YES;
				CLANG_WARN_CONSTANT_CONVERSION = YES;
				CLANG_WARN_DEPRECATED_OBJC_IMPLEMENTATIONS = YES;
				CLANG_WARN_DIRECT_OBJC_ISA_USAGE = YES_ERROR;
				CLANG_WARN_DOCUMENTATION_COMMENTS = YES;
				CLANG_WARN_EMPTY_BODY = YES;
				CLANG_WARN_ENUM_CONVERSION = YES;
				CLANG_WARN_INFINITE_RECURSION = YES;
				CLANG_WARN_INT_CONVERSION = YES;
				CLANG_WARN_NON_LITERAL_NULL_CONVERSION = YES;
				CLANG_WARN_OBJC_IMPLICIT_RETAIN_SELF = YES;
				CLANG_WARN_OBJC_LITERAL_CONVERSION = YES;
				CLANG_WARN_OBJC_ROOT_CLASS = YES_ERROR;
				CLANG_WARN_RANGE_LOOP_ANALYSIS = YES;
				CLANG_WARN_STRICT_PROTOTYPES = YES;
				CLANG_WARN_SUSPICIOUS_MOVE = YES;
				CLANG_WARN_UNGUARDED_AVAILABILITY = YES_AGGRESSIVE;
				CLANG_WARN_UNREACHABLE_CODE = YES;
				CLANG_WARN__DUPLICATE_METHOD_MATCH = YES;
				CODE_SIGN_IDENTITY = "iPhone Developer";
				COPY_PHASE_STRIP = NO;
				DEBUG_INFORMATION_FORMAT = dwarf;
				ENABLE_STRICT_OBJC_MSGSEND = YES;
				ENABLE_TESTABILITY = YES;
				GCC_C_LANGUAGE_STANDARD = gnu11;
				GCC_DYNAMIC_NO_PIC = NO;
				GCC_NO_COMMON_BLOCKS = YES;
				GCC_OPTIMIZATION_LEVEL = 0;
				GCC_PREPROCESSOR_DEFINITIONS = (
					"DEBUG=1",
					"$(inherited)",
				);
				GCC_WARN_64_TO_32_BIT_CONVERSION = YES;
				GCC_WARN_ABOUT_RETURN_TYPE = YES_ERROR;
				GCC_WARN_UNDECLARED_SELECTOR = YES;
				GCC_WARN_UNINITIALIZED_AUTOS = YES_AGGRESSIVE;
				GCC_WARN_UNUSED_FUNCTION = YES;
				GCC_WARN_UNUSED_VARIABLE = YES;
				IPHONEOS_DEPLOYMENT_TARGET = 12.1;
				MTL_ENABLE_DEBUG_INFO = INCLUDE_SOURCE;
				MTL_FAST_MATH = YES;
				ONLY_ACTIVE_ARCH = YES;
				SDKROOT = iphoneos;
				SWIFT_ACTIVE_COMPILATION_CONDITIONS = DEBUG;
				SWIFT_OPTIMIZATION_LEVEL = "-Onone";
			};
			name = Debug;
		};
		A44CA963223B1B1F0076C387 /* Release */ = {
			isa = XCBuildConfiguration;
			buildSettings = {
				ALWAYS_SEARCH_USER_PATHS = NO;
				CLANG_ANALYZER_NONNULL = YES;
				CLANG_ANALYZER_NUMBER_OBJECT_CONVERSION = YES_AGGRESSIVE;
				CLANG_CXX_LANGUAGE_STANDARD = "gnu++14";
				CLANG_CXX_LIBRARY = "libc++";
				CLANG_ENABLE_MODULES = YES;
				CLANG_ENABLE_OBJC_ARC = YES;
				CLANG_ENABLE_OBJC_WEAK = YES;
				CLANG_WARN_BLOCK_CAPTURE_AUTORELEASING = YES;
				CLANG_WARN_BOOL_CONVERSION = YES;
				CLANG_WARN_COMMA = YES;
				CLANG_WARN_CONSTANT_CONVERSION = YES;
				CLANG_WARN_DEPRECATED_OBJC_IMPLEMENTATIONS = YES;
				CLANG_WARN_DIRECT_OBJC_ISA_USAGE = YES_ERROR;
				CLANG_WARN_DOCUMENTATION_COMMENTS = YES;
				CLANG_WARN_EMPTY_BODY = YES;
				CLANG_WARN_ENUM_CONVERSION = YES;
				CLANG_WARN_INFINITE_RECURSION = YES;
				CLANG_WARN_INT_CONVERSION = YES;
				CLANG_WARN_NON_LITERAL_NULL_CONVERSION = YES;
				CLANG_WARN_OBJC_IMPLICIT_RETAIN_SELF = YES;
				CLANG_WARN_OBJC_LITERAL_CONVERSION = YES;
				CLANG_WARN_OBJC_ROOT_CLASS = YES_ERROR;
				CLANG_WARN_RANGE_LOOP_ANALYSIS = YES;
				CLANG_WARN_STRICT_PROTOTYPES = YES;
				CLANG_WARN_SUSPICIOUS_MOVE = YES;
				CLANG_WARN_UNGUARDED_AVAILABILITY = YES_AGGRESSIVE;
				CLANG_WARN_UNREACHABLE_CODE = YES;
				CLANG_WARN__DUPLICATE_METHOD_MATCH = YES;
				CODE_SIGN_IDENTITY = "iPhone Developer";
				COPY_PHASE_STRIP = NO;
				DEBUG_INFORMATION_FORMAT = "dwarf-with-dsym";
				ENABLE_NS_ASSERTIONS = NO;
				ENABLE_STRICT_OBJC_MSGSEND = YES;
				GCC_C_LANGUAGE_STANDARD = gnu11;
				GCC_NO_COMMON_BLOCKS = YES;
				GCC_WARN_64_TO_32_BIT_CONVERSION = YES;
				GCC_WARN_ABOUT_RETURN_TYPE = YES_ERROR;
				GCC_WARN_UNDECLARED_SELECTOR = YES;
				GCC_WARN_UNINITIALIZED_AUTOS = YES_AGGRESSIVE;
				GCC_WARN_UNUSED_FUNCTION = YES;
				GCC_WARN_UNUSED_VARIABLE = YES;
				IPHONEOS_DEPLOYMENT_TARGET = 12.1;
				MTL_ENABLE_DEBUG_INFO = NO;
				MTL_FAST_MATH = YES;
				SDKROOT = iphoneos;
				SWIFT_COMPILATION_MODE = wholemodule;
				SWIFT_OPTIMIZATION_LEVEL = "-O";
				VALIDATE_PRODUCT = YES;
			};
			name = Release;
		};
		A44CA965223B1B1F0076C387 /* Debug */ = {
			isa = XCBuildConfiguration;
			buildSettings = {
				ASSETCATALOG_COMPILER_APPICON_NAME = AppIcon;
				CODE_SIGN_STYLE = Automatic;
				DEVELOPMENT_TEAM = 4WHAG54D72;
				INFOPLIST_FILE = emojiDictionary/Info.plist;
				LD_RUNPATH_SEARCH_PATHS = (
					"$(inherited)",
					"@executable_path/Frameworks",
				);
				PRODUCT_BUNDLE_IDENTIFIER = com.buffyfeinstein.emojiDictionary;
				PRODUCT_NAME = "$(TARGET_NAME)";
				SWIFT_VERSION = 4.2;
				TARGETED_DEVICE_FAMILY = "1,2";
			};
			name = Debug;
		};
		A44CA966223B1B1F0076C387 /* Release */ = {
			isa = XCBuildConfiguration;
			buildSettings = {
				ASSETCATALOG_COMPILER_APPICON_NAME = AppIcon;
				CODE_SIGN_STYLE = Automatic;
				DEVELOPMENT_TEAM = 4WHAG54D72;
				INFOPLIST_FILE = emojiDictionary/Info.plist;
				LD_RUNPATH_SEARCH_PATHS = (
					"$(inherited)",
					"@executable_path/Frameworks",
				);
				PRODUCT_BUNDLE_IDENTIFIER = com.buffyfeinstein.emojiDictionary;
				PRODUCT_NAME = "$(TARGET_NAME)";
				SWIFT_VERSION = 4.2;
				TARGETED_DEVICE_FAMILY = "1,2";
			};
			name = Release;
		};
/* End XCBuildConfiguration section */

/* Begin XCConfigurationList section */
		A44CA94D223B1B1E0076C387 /* Build configuration list for PBXProject "emojiDictionary" */ = {
			isa = XCConfigurationList;
			buildConfigurations = (
				A44CA962223B1B1F0076C387 /* Debug */,
				A44CA963223B1B1F0076C387 /* Release */,
			);
			defaultConfigurationIsVisible = 0;
			defaultConfigurationName = Release;
		};
		A44CA964223B1B1F0076C387 /* Build configuration list for PBXNativeTarget "emojiDictionary" */ = {
			isa = XCConfigurationList;
			buildConfigurations = (
				A44CA965223B1B1F0076C387 /* Debug */,
				A44CA966223B1B1F0076C387 /* Release */,
			);
			defaultConfigurationIsVisible = 0;
			defaultConfigurationName = Release;
		};
/* End XCConfigurationList section */
	};
	rootObject = A44CA94A223B1B1E0076C387 /* Project object */;
}
